// !$*UTF8*$!
{
	archiveVersion = 1;
	classes = {
	};
	objectVersion = 56;
	objects = {

/* Begin PBXBuildFile section */
		BD6D1EAE2C0155B500388894 /* AppDelegate.swift in Sources */ = {isa = PBXBuildFile; fileRef = BD6D1EAD2C0155B500388894 /* AppDelegate.swift */; };
		BD6D1EB02C0155B500388894 /* SceneDelegate.swift in Sources */ = {isa = PBXBuildFile; fileRef = BD6D1EAF2C0155B500388894 /* SceneDelegate.swift */; };
		BD6D1EB22C0155B500388894 /* ViewController.swift in Sources */ = {isa = PBXBuildFile; fileRef = BD6D1EB12C0155B500388894 /* ViewController.swift */; };
		BD6D1EB52C0155B500388894 /* Base in Resources */ = {isa = PBXBuildFile; fileRef = BD6D1EB42C0155B500388894 /* Base */; };
		BD6D1EB72C0155B700388894 /* Assets.xcassets in Resources */ = {isa = PBXBuildFile; fileRef = BD6D1EB62C0155B700388894 /* Assets.xcassets */; };
		BD6D1EBA2C0155B700388894 /* Base in Resources */ = {isa = PBXBuildFile; fileRef = BD6D1EB92C0155B700388894 /* Base */; };
		BD6D1EC52C0155B700388894 /* MultiplePermissionTests.swift in Sources */ = {isa = PBXBuildFile; fileRef = BD6D1EC42C0155B700388894 /* MultiplePermissionTests.swift */; };
		BD6D1ECF2C0155B700388894 /* MultiplePermissionUITests.swift in Sources */ = {isa = PBXBuildFile; fileRef = BD6D1ECE2C0155B700388894 /* MultiplePermissionUITests.swift */; };
		BD6D1ED12C0155B700388894 /* MultiplePermissionUITestsLaunchTests.swift in Sources */ = {isa = PBXBuildFile; fileRef = BD6D1ED02C0155B700388894 /* MultiplePermissionUITestsLaunchTests.swift */; };
/* End PBXBuildFile section */

/* Begin PBXContainerItemProxy section */
		BD6D1EC12C0155B700388894 /* PBXContainerItemProxy */ = {
			isa = PBXContainerItemProxy;
			containerPortal = BD6D1EA22C0155B500388894 /* Project object */;
			proxyType = 1;
			remoteGlobalIDString = BD6D1EA92C0155B500388894;
			remoteInfo = MultiplePermission;
		};
		BD6D1ECB2C0155B700388894 /* PBXContainerItemProxy */ = {
			isa = PBXContainerItemProxy;
			containerPortal = BD6D1EA22C0155B500388894 /* Project object */;
			proxyType = 1;
			remoteGlobalIDString = BD6D1EA92C0155B500388894;
			remoteInfo = MultiplePermission;
		};
/* End PBXContainerItemProxy section */

/* Begin PBXFileReference section */
		BD6D1EAA2C0155B500388894 /* MultiplePermission.app */ = {isa = PBXFileReference; explicitFileType = wrapper.application; includeInIndex = 0; path = MultiplePermission.app; sourceTree = BUILT_PRODUCTS_DIR; };
		BD6D1EAD2C0155B500388894 /* AppDelegate.swift */ = {isa = PBXFileReference; lastKnownFileType = sourcecode.swift; path = AppDelegate.swift; sourceTree = "<group>"; };
		BD6D1EAF2C0155B500388894 /* SceneDelegate.swift */ = {isa = PBXFileReference; lastKnownFileType = sourcecode.swift; path = SceneDelegate.swift; sourceTree = "<group>"; };
		BD6D1EB12C0155B500388894 /* ViewController.swift */ = {isa = PBXFileReference; lastKnownFileType = sourcecode.swift; path = ViewController.swift; sourceTree = "<group>"; };
		BD6D1EB42C0155B500388894 /* Base */ = {isa = PBXFileReference; lastKnownFileType = file.storyboard; name = Base; path = Base.lproj/Main.storyboard; sourceTree = "<group>"; };
		BD6D1EB62C0155B700388894 /* Assets.xcassets */ = {isa = PBXFileReference; lastKnownFileType = folder.assetcatalog; path = Assets.xcassets; sourceTree = "<group>"; };
		BD6D1EB92C0155B700388894 /* Base */ = {isa = PBXFileReference; lastKnownFileType = file.storyboard; name = Base; path = Base.lproj/LaunchScreen.storyboard; sourceTree = "<group>"; };
		BD6D1EBB2C0155B700388894 /* Info.plist */ = {isa = PBXFileReference; lastKnownFileType = text.plist.xml; path = Info.plist; sourceTree = "<group>"; };
		BD6D1EC02C0155B700388894 /* MultiplePermissionTests.xctest */ = {isa = PBXFileReference; explicitFileType = wrapper.cfbundle; includeInIndex = 0; path = MultiplePermissionTests.xctest; sourceTree = BUILT_PRODUCTS_DIR; };
		BD6D1EC42C0155B700388894 /* MultiplePermissionTests.swift */ = {isa = PBXFileReference; lastKnownFileType = sourcecode.swift; path = MultiplePermissionTests.swift; sourceTree = "<group>"; };
		BD6D1ECA2C0155B700388894 /* MultiplePermissionUITests.xctest */ = {isa = PBXFileReference; explicitFileType = wrapper.cfbundle; includeInIndex = 0; path = MultiplePermissionUITests.xctest; sourceTree = BUILT_PRODUCTS_DIR; };
		BD6D1ECE2C0155B700388894 /* MultiplePermissionUITests.swift */ = {isa = PBXFileReference; lastKnownFileType = sourcecode.swift; path = MultiplePermissionUITests.swift; sourceTree = "<group>"; };
		BD6D1ED02C0155B700388894 /* MultiplePermissionUITestsLaunchTests.swift */ = {isa = PBXFileReference; lastKnownFileType = sourcecode.swift; path = MultiplePermissionUITestsLaunchTests.swift; sourceTree = "<group>"; };
/* End PBXFileReference section */

/* Begin PBXFrameworksBuildPhase section */
		BD6D1EA72C0155B500388894 /* Frameworks */ = {
			isa = PBXFrameworksBuildPhase;
			buildActionMask = 2147483647;
			files = (
			);
			runOnlyForDeploymentPostprocessing = 0;
		};
		BD6D1EBD2C0155B700388894 /* Frameworks */ = {
			isa = PBXFrameworksBuildPhase;
			buildActionMask = 2147483647;
			files = (
			);
			runOnlyForDeploymentPostprocessing = 0;
		};
		BD6D1EC72C0155B700388894 /* Frameworks */ = {
			isa = PBXFrameworksBuildPhase;
			buildActionMask = 2147483647;
			files = (
			);
			runOnlyForDeploymentPostprocessing = 0;
		};
/* End PBXFrameworksBuildPhase section */

/* Begin PBXGroup section */
		BD6D1EA12C0155B500388894 = {
			isa = PBXGroup;
			children = (
				BD6D1EAC2C0155B500388894 /* MultiplePermission */,
				BD6D1EC32C0155B700388894 /* MultiplePermissionTests */,
				BD6D1ECD2C0155B700388894 /* MultiplePermissionUITests */,
				BD6D1EAB2C0155B500388894 /* Products */,
			);
			sourceTree = "<group>";
		};
		BD6D1EAB2C0155B500388894 /* Products */ = {
			isa = PBXGroup;
			children = (
				BD6D1EAA2C0155B500388894 /* MultiplePermission.app */,
				BD6D1EC02C0155B700388894 /* MultiplePermissionTests.xctest */,
				BD6D1ECA2C0155B700388894 /* MultiplePermissionUITests.xctest */,
			);
			name = Products;
			sourceTree = "<group>";
		};
		BD6D1EAC2C0155B500388894 /* MultiplePermission */ = {
			isa = PBXGroup;
			children = (
				BD6D1EAD2C0155B500388894 /* AppDelegate.swift */,
				BD6D1EAF2C0155B500388894 /* SceneDelegate.swift */,
				BD6D1EB12C0155B500388894 /* ViewController.swift */,
				BD6D1EB32C0155B500388894 /* Main.storyboard */,
				BD6D1EB62C0155B700388894 /* Assets.xcassets */,
				BD6D1EB82C0155B700388894 /* LaunchScreen.storyboard */,
				BD6D1EBB2C0155B700388894 /* Info.plist */,
			);
			path = MultiplePermission;
			sourceTree = "<group>";
		};
		BD6D1EC32C0155B700388894 /* MultiplePermissionTests */ = {
			isa = PBXGroup;
			children = (
				BD6D1EC42C0155B700388894 /* MultiplePermissionTests.swift */,
			);
			path = MultiplePermissionTests;
			sourceTree = "<group>";
		};
		BD6D1ECD2C0155B700388894 /* MultiplePermissionUITests */ = {
			isa = PBXGroup;
			children = (
				BD6D1ECE2C0155B700388894 /* MultiplePermissionUITests.swift */,
				BD6D1ED02C0155B700388894 /* MultiplePermissionUITestsLaunchTests.swift */,
			);
			path = MultiplePermissionUITests;
			sourceTree = "<group>";
		};
/* End PBXGroup section */

/* Begin PBXNativeTarget section */
		BD6D1EA92C0155B500388894 /* MultiplePermission */ = {
			isa = PBXNativeTarget;
			buildConfigurationList = BD6D1ED42C0155B700388894 /* Build configuration list for PBXNativeTarget "MultiplePermission" */;
			buildPhases = (
				BD6D1EA62C0155B500388894 /* Sources */,
				BD6D1EA72C0155B500388894 /* Frameworks */,
				BD6D1EA82C0155B500388894 /* Resources */,
			);
			buildRules = (
			);
			dependencies = (
			);
			name = MultiplePermission;
			productName = MultiplePermission;
			productReference = BD6D1EAA2C0155B500388894 /* MultiplePermission.app */;
			productType = "com.apple.product-type.application";
		};
		BD6D1EBF2C0155B700388894 /* MultiplePermissionTests */ = {
			isa = PBXNativeTarget;
			buildConfigurationList = BD6D1ED72C0155B700388894 /* Build configuration list for PBXNativeTarget "MultiplePermissionTests" */;
			buildPhases = (
				BD6D1EBC2C0155B700388894 /* Sources */,
				BD6D1EBD2C0155B700388894 /* Frameworks */,
				BD6D1EBE2C0155B700388894 /* Resources */,
			);
			buildRules = (
			);
			dependencies = (
				BD6D1EC22C0155B700388894 /* PBXTargetDependency */,
			);
			name = MultiplePermissionTests;
			productName = MultiplePermissionTests;
			productReference = BD6D1EC02C0155B700388894 /* MultiplePermissionTests.xctest */;
			productType = "com.apple.product-type.bundle.unit-test";
		};
		BD6D1EC92C0155B700388894 /* MultiplePermissionUITests */ = {
			isa = PBXNativeTarget;
			buildConfigurationList = BD6D1EDA2C0155B700388894 /* Build configuration list for PBXNativeTarget "MultiplePermissionUITests" */;
			buildPhases = (
				BD6D1EC62C0155B700388894 /* Sources */,
				BD6D1EC72C0155B700388894 /* Frameworks */,
				BD6D1EC82C0155B700388894 /* Resources */,
			);
			buildRules = (
			);
			dependencies = (
				BD6D1ECC2C0155B700388894 /* PBXTargetDependency */,
			);
			name = MultiplePermissionUITests;
			productName = MultiplePermissionUITests;
			productReference = BD6D1ECA2C0155B700388894 /* MultiplePermissionUITests.xctest */;
			productType = "com.apple.product-type.bundle.ui-testing";
		};
/* End PBXNativeTarget section */

/* Begin PBXProject section */
		BD6D1EA22C0155B500388894 /* Project object */ = {
			isa = PBXProject;
			attributes = {
				BuildIndependentTargetsInParallel = 1;
				LastSwiftUpdateCheck = 1530;
				LastUpgradeCheck = 1530;
				TargetAttributes = {
					BD6D1EA92C0155B500388894 = {
						CreatedOnToolsVersion = 15.3;
					};
					BD6D1EBF2C0155B700388894 = {
						CreatedOnToolsVersion = 15.3;
						TestTargetID = BD6D1EA92C0155B500388894;
					};
					BD6D1EC92C0155B700388894 = {
						CreatedOnToolsVersion = 15.3;
						TestTargetID = BD6D1EA92C0155B500388894;
					};
				};
			};
			buildConfigurationList = BD6D1EA52C0155B500388894 /* Build configuration list for PBXProject "MultiplePermission" */;
			compatibilityVersion = "Xcode 14.0";
			developmentRegion = en;
			hasScannedForEncodings = 0;
			knownRegions = (
				en,
				Base,
			);
			mainGroup = BD6D1EA12C0155B500388894;
			productRefGroup = BD6D1EAB2C0155B500388894 /* Products */;
			projectDirPath = "";
			projectRoot = "";
			targets = (
				BD6D1EA92C0155B500388894 /* MultiplePermission */,
				BD6D1EBF2C0155B700388894 /* MultiplePermissionTests */,
				BD6D1EC92C0155B700388894 /* MultiplePermissionUITests */,
			);
		};
/* End PBXProject section */

/* Begin PBXResourcesBuildPhase section */
		BD6D1EA82C0155B500388894 /* Resources */ = {
			isa = PBXResourcesBuildPhase;
			buildActionMask = 2147483647;
			files = (
				BD6D1EB72C0155B700388894 /* Assets.xcassets in Resources */,
				BD6D1EBA2C0155B700388894 /* Base in Resources */,
				BD6D1EB52C0155B500388894 /* Base in Resources */,
			);
			runOnlyForDeploymentPostprocessing = 0;
		};
		BD6D1EBE2C0155B700388894 /* Resources */ = {
			isa = PBXResourcesBuildPhase;
			buildActionMask = 2147483647;
			files = (
			);
			runOnlyForDeploymentPostprocessing = 0;
		};
		BD6D1EC82C0155B700388894 /* Resources */ = {
			isa = PBXResourcesBuildPhase;
			buildActionMask = 2147483647;
			files = (
			);
			runOnlyForDeploymentPostprocessing = 0;
		};
/* End PBXResourcesBuildPhase section */

/* Begin PBXSourcesBuildPhase section */
		BD6D1EA62C0155B500388894 /* Sources */ = {
			isa = PBXSourcesBuildPhase;
			buildActionMask = 2147483647;
			files = (
				BD6D1EB22C0155B500388894 /* ViewController.swift in Sources */,
				BD6D1EAE2C0155B500388894 /* AppDelegate.swift in Sources */,
				BD6D1EB02C0155B500388894 /* SceneDelegate.swift in Sources */,
			);
			runOnlyForDeploymentPostprocessing = 0;
		};
		BD6D1EBC2C0155B700388894 /* Sources */ = {
			isa = PBXSourcesBuildPhase;
			buildActionMask = 2147483647;
			files = (
				BD6D1EC52C0155B700388894 /* MultiplePermissionTests.swift in Sources */,
			);
			runOnlyForDeploymentPostprocessing = 0;
		};
		BD6D1EC62C0155B700388894 /* Sources */ = {
			isa = PBXSourcesBuildPhase;
			buildActionMask = 2147483647;
			files = (
				BD6D1ECF2C0155B700388894 /* MultiplePermissionUITests.swift in Sources */,
				BD6D1ED12C0155B700388894 /* MultiplePermissionUITestsLaunchTests.swift in Sources */,
			);
			runOnlyForDeploymentPostprocessing = 0;
		};
/* End PBXSourcesBuildPhase section */

/* Begin PBXTargetDependency section */
		BD6D1EC22C0155B700388894 /* PBXTargetDependency */ = {
			isa = PBXTargetDependency;
			target = BD6D1EA92C0155B500388894 /* MultiplePermission */;
			targetProxy = BD6D1EC12C0155B700388894 /* PBXContainerItemProxy */;
		};
		BD6D1ECC2C0155B700388894 /* PBXTargetDependency */ = {
			isa = PBXTargetDependency;
			target = BD6D1EA92C0155B500388894 /* MultiplePermission */;
			targetProxy = BD6D1ECB2C0155B700388894 /* PBXContainerItemProxy */;
		};
/* End PBXTargetDependency section */

/* Begin PBXVariantGroup section */
		BD6D1EB32C0155B500388894 /* Main.storyboard */ = {
			isa = PBXVariantGroup;
			children = (
				BD6D1EB42C0155B500388894 /* Base */,
			);
			name = Main.storyboard;
			sourceTree = "<group>";
		};
		BD6D1EB82C0155B700388894 /* LaunchScreen.storyboard */ = {
			isa = PBXVariantGroup;
			children = (
				BD6D1EB92C0155B700388894 /* Base */,
			);
			name = LaunchScreen.storyboard;
			sourceTree = "<group>";
		};
/* End PBXVariantGroup section */

/* Begin XCBuildConfiguration section */
		BD6D1ED22C0155B700388894 /* Debug */ = {
			isa = XCBuildConfiguration;
			buildSettings = {
				ALWAYS_SEARCH_USER_PATHS = NO;
				ASSETCATALOG_COMPILER_GENERATE_SWIFT_ASSET_SYMBOL_EXTENSIONS = YES;
				CLANG_ANALYZER_NONNULL = YES;
				CLANG_ANALYZER_NUMBER_OBJECT_CONVERSION = YES_AGGRESSIVE;
				CLANG_CXX_LANGUAGE_STANDARD = "gnu++20";
				CLANG_ENABLE_MODULES = YES;
				CLANG_ENABLE_OBJC_ARC = YES;
				CLANG_ENABLE_OBJC_WEAK = YES;
				CLANG_WARN_BLOCK_CAPTURE_AUTORELEASING = YES;
				CLANG_WARN_BOOL_CONVERSION = YES;
				CLANG_WARN_COMMA = YES;
				CLANG_WARN_CONSTANT_CONVERSION = YES;
				CLANG_WARN_DEPRECATED_OBJC_IMPLEMENTATIONS = YES;
				CLANG_WARN_DIRECT_OBJC_ISA_USAGE = YES_ERROR;
				CLANG_WARN_DOCUMENTATION_COMMENTS = YES;
				CLANG_WARN_EMPTY_BODY = YES;
				CLANG_WARN_ENUM_CONVERSION = YES;
				CLANG_WARN_INFINITE_RECURSION = YES;
				CLANG_WARN_INT_CONVERSION = YES;
				CLANG_WARN_NON_LITERAL_NULL_CONVERSION = YES;
				CLANG_WARN_OBJC_IMPLICIT_RETAIN_SELF = YES;
				CLANG_WARN_OBJC_LITERAL_CONVERSION = YES;
				CLANG_WARN_OBJC_ROOT_CLASS = YES_ERROR;
				CLANG_WARN_QUOTED_INCLUDE_IN_FRAMEWORK_HEADER = YES;
				CLANG_WARN_RANGE_LOOP_ANALYSIS = YES;
				CLANG_WARN_STRICT_PROTOTYPES = YES;
				CLANG_WARN_SUSPICIOUS_MOVE = YES;
				CLANG_WARN_UNGUARDED_AVAILABILITY = YES_AGGRESSIVE;
				CLANG_WARN_UNREACHABLE_CODE = YES;
				CLANG_WARN__DUPLICATE_METHOD_MATCH = YES;
				COPY_PHASE_STRIP = NO;
				DEBUG_INFORMATION_FORMAT = dwarf;
				ENABLE_STRICT_OBJC_MSGSEND = YES;
				ENABLE_TESTABILITY = YES;
				ENABLE_USER_SCRIPT_SANDBOXING = YES;
				GCC_C_LANGUAGE_STANDARD = gnu17;
				GCC_DYNAMIC_NO_PIC = NO;
				GCC_NO_COMMON_BLOCKS = YES;
				GCC_OPTIMIZATION_LEVEL = 0;
				GCC_PREPROCESSOR_DEFINITIONS = (
					"DEBUG=1",
					"$(inherited)",
				);
				GCC_WARN_64_TO_32_BIT_CONVERSION = YES;
				GCC_WARN_ABOUT_RETURN_TYPE = YES_ERROR;
				GCC_WARN_UNDECLARED_SELECTOR = YES;
				GCC_WARN_UNINITIALIZED_AUTOS = YES_AGGRESSIVE;
				GCC_WARN_UNUSED_FUNCTION = YES;
				GCC_WARN_UNUSED_VARIABLE = YES;
				IPHONEOS_DEPLOYMENT_TARGET = 17.4;
				LOCALIZATION_PREFERS_STRING_CATALOGS = YES;
				MTL_ENABLE_DEBUG_INFO = INCLUDE_SOURCE;
				MTL_FAST_MATH = YES;
				ONLY_ACTIVE_ARCH = YES;
				SDKROOT = iphoneos;
				SWIFT_ACTIVE_COMPILATION_CONDITIONS = "DEBUG $(inherited)";
				SWIFT_OPTIMIZATION_LEVEL = "-Onone";
			};
			name = Debug;
		};
		BD6D1ED32C0155B700388894 /* Release */ = {
			isa = XCBuildConfiguration;
			buildSettings = {
				ALWAYS_SEARCH_USER_PATHS = NO;
				ASSETCATALOG_COMPILER_GENERATE_SWIFT_ASSET_SYMBOL_EXTENSIONS = YES;
				CLANG_ANALYZER_NONNULL = YES;
				CLANG_ANALYZER_NUMBER_OBJECT_CONVERSION = YES_AGGRESSIVE;
				CLANG_CXX_LANGUAGE_STANDARD = "gnu++20";
				CLANG_ENABLE_MODULES = YES;
				CLANG_ENABLE_OBJC_ARC = YES;
				CLANG_ENABLE_OBJC_WEAK = YES;
				CLANG_WARN_BLOCK_CAPTURE_AUTORELEASING = YES;
				CLANG_WARN_BOOL_CONVERSION = YES;
				CLANG_WARN_COMMA = YES;
				CLANG_WARN_CONSTANT_CONVERSION = YES;
				CLANG_WARN_DEPRECATED_OBJC_IMPLEMENTATIONS = YES;
				CLANG_WARN_DIRECT_OBJC_ISA_USAGE = YES_ERROR;
				CLANG_WARN_DOCUMENTATION_COMMENTS = YES;
				CLANG_WARN_EMPTY_BODY = YES;
				CLANG_WARN_ENUM_CONVERSION = YES;
				CLANG_WARN_INFINITE_RECURSION = YES;
				CLANG_WARN_INT_CONVERSION = YES;
				CLANG_WARN_NON_LITERAL_NULL_CONVERSION = YES;
				CLANG_WARN_OBJC_IMPLICIT_RETAIN_SELF = YES;
				CLANG_WARN_OBJC_LITERAL_CONVERSION = YES;
				CLANG_WARN_OBJC_ROOT_CLASS = YES_ERROR;
				CLANG_WARN_QUOTED_INCLUDE_IN_FRAMEWORK_HEADER = YES;
				CLANG_WARN_RANGE_LOOP_ANALYSIS = YES;
				CLANG_WARN_STRICT_PROTOTYPES = YES;
				CLANG_WARN_SUSPICIOUS_MOVE = YES;
				CLANG_WARN_UNGUARDED_AVAILABILITY = YES_AGGRESSIVE;
				CLANG_WARN_UNREACHABLE_CODE = YES;
				CLANG_WARN__DUPLICATE_METHOD_MATCH = YES;
				COPY_PHASE_STRIP = NO;
				DEBUG_INFORMATION_FORMAT = "dwarf-with-dsym";
				ENABLE_NS_ASSERTIONS = NO;
				ENABLE_STRICT_OBJC_MSGSEND = YES;
				ENABLE_USER_SCRIPT_SANDBOXING = YES;
				GCC_C_LANGUAGE_STANDARD = gnu17;
				GCC_NO_COMMON_BLOCKS = YES;
				GCC_WARN_64_TO_32_BIT_CONVERSION = YES;
				GCC_WARN_ABOUT_RETURN_TYPE = YES_ERROR;
				GCC_WARN_UNDECLARED_SELECTOR = YES;
				GCC_WARN_UNINITIALIZED_AUTOS = YES_AGGRESSIVE;
				GCC_WARN_UNUSED_FUNCTION = YES;
				GCC_WARN_UNUSED_VARIABLE = YES;
				IPHONEOS_DEPLOYMENT_TARGET = 17.4;
				LOCALIZATION_PREFERS_STRING_CATALOGS = YES;
				MTL_ENABLE_DEBUG_INFO = NO;
				MTL_FAST_MATH = YES;
				SDKROOT = iphoneos;
				SWIFT_COMPILATION_MODE = wholemodule;
				VALIDATE_PRODUCT = YES;
			};
			name = Release;
		};
		BD6D1ED52C0155B700388894 /* Debug */ = {
			isa = XCBuildConfiguration;
			buildSettings = {
				ASSETCATALOG_COMPILER_APPICON_NAME = AppIcon;
				ASSETCATALOG_COMPILER_GLOBAL_ACCENT_COLOR_NAME = AccentColor;
				CODE_SIGN_STYLE = Automatic;
				CURRENT_PROJECT_VERSION = 1;
				GENERATE_INFOPLIST_FILE = YES;
				INFOPLIST_FILE = MultiplePermission/Info.plist;
				INFOPLIST_KEY_UIApplicationSupportsIndirectInputEvents = YES;
				INFOPLIST_KEY_UILaunchStoryboardName = LaunchScreen;
				INFOPLIST_KEY_UIMainStoryboardFile = Main;
				INFOPLIST_KEY_UISupportedInterfaceOrientations_iPad = "UIInterfaceOrientationPortrait UIInterfaceOrientationPortraitUpsideDown UIInterfaceOrientationLandscapeLeft UIInterfaceOrientationLandscapeRight";
				INFOPLIST_KEY_UISupportedInterfaceOrientations_iPhone = "UIInterfaceOrientationPortrait UIInterfaceOrientationLandscapeLeft UIInterfaceOrientationLandscapeRight";
				LD_RUNPATH_SEARCH_PATHS = (
					"$(inherited)",
					"@executable_path/Frameworks",
				);
				MARKETING_VERSION = 1.0;
				PRODUCT_BUNDLE_IDENTIFIER = com.plexustechnology.MultiplePermission;
				PRODUCT_NAME = "$(TARGET_NAME)";
				SWIFT_EMIT_LOC_STRINGS = YES;
				SWIFT_VERSION = 5.0;
				TARGETED_DEVICE_FAMILY = "1,2";
			};
			name = Debug;
		};
		BD6D1ED62C0155B700388894 /* Release */ = {
			isa = XCBuildConfiguration;
			buildSettings = {
				ASSETCATALOG_COMPILER_APPICON_NAME = AppIcon;
				ASSETCATALOG_COMPILER_GLOBAL_ACCENT_COLOR_NAME = AccentColor;
				CODE_SIGN_STYLE = Automatic;
				CURRENT_PROJECT_VERSION = 1;
				GENERATE_INFOPLIST_FILE = YES;
				INFOPLIST_FILE = MultiplePermission/Info.plist;
				INFOPLIST_KEY_UIApplicationSupportsIndirectInputEvents = YES;
				INFOPLIST_KEY_UILaunchStoryboardName = LaunchScreen;
				INFOPLIST_KEY_UIMainStoryboardFile = Main;
				INFOPLIST_KEY_UISupportedInterfaceOrientations_iPad = "UIInterfaceOrientationPortrait UIInterfaceOrientationPortraitUpsideDown UIInterfaceOrientationLandscapeLeft UIInterfaceOrientationLandscapeRight";
				INFOPLIST_KEY_UISupportedInterfaceOrientations_iPhone = "UIInterfaceOrientationPortrait UIInterfaceOrientationLandscapeLeft UIInterfaceOrientationLandscapeRight";
				LD_RUNPATH_SEARCH_PATHS = (
					"$(inherited)",
					"@executable_path/Frameworks",
				);
				MARKETING_VERSION = 1.0;
				PRODUCT_BUNDLE_IDENTIFIER = com.plexustechnology.MultiplePermission;
				PRODUCT_NAME = "$(TARGET_NAME)";
				SWIFT_EMIT_LOC_STRINGS = YES;
				SWIFT_VERSION = 5.0;
				TARGETED_DEVICE_FAMILY = "1,2";
			};
			name = Release;
		};
		BD6D1ED82C0155B700388894 /* Debug */ = {
			isa = XCBuildConfiguration;
			buildSettings = {
				ALWAYS_EMBED_SWIFT_STANDARD_LIBRARIES = YES;
				BUNDLE_LOADER = "$(TEST_HOST)";
				CODE_SIGN_STYLE = Automatic;
				CURRENT_PROJECT_VERSION = 1;
				GENERATE_INFOPLIST_FILE = YES;
				IPHONEOS_DEPLOYMENT_TARGET = 17.4;
				MARKETING_VERSION = 1.0;
				PRODUCT_BUNDLE_IDENTIFIER = com.plexustechnology.MultiplePermissionTests;
				PRODUCT_NAME = "$(TARGET_NAME)";
				SWIFT_EMIT_LOC_STRINGS = NO;
				SWIFT_VERSION = 5.0;
				TARGETED_DEVICE_FAMILY = "1,2";
				TEST_HOST = "$(BUILT_PRODUCTS_DIR)/MultiplePermission.app/$(BUNDLE_EXECUTABLE_FOLDER_PATH)/MultiplePermission";
			};
			name = Debug;
		};
		BD6D1ED92C0155B700388894 /* Release */ = {
			isa = XCBuildConfiguration;
			buildSettings = {
				ALWAYS_EMBED_SWIFT_STANDARD_LIBRARIES = YES;
				BUNDLE_LOADER = "$(TEST_HOST)";
				CODE_SIGN_STYLE = Automatic;
				CURRENT_PROJECT_VERSION = 1;
				GENERATE_INFOPLIST_FILE = YES;
				IPHONEOS_DEPLOYMENT_TARGET = 17.4;
				MARKETING_VERSION = 1.0;
				PRODUCT_BUNDLE_IDENTIFIER = com.plexustechnology.MultiplePermissionTests;
				PRODUCT_NAME = "$(TARGET_NAME)";
				SWIFT_EMIT_LOC_STRINGS = NO;
				SWIFT_VERSION = 5.0;
				TARGETED_DEVICE_FAMILY = "1,2";
				TEST_HOST = "$(BUILT_PRODUCTS_DIR)/MultiplePermission.app/$(BUNDLE_EXECUTABLE_FOLDER_PATH)/MultiplePermission";
			};
			name = Release;
		};
		BD6D1EDB2C0155B700388894 /* Debug */ = {
			isa = XCBuildConfiguration;
			buildSettings = {
				ALWAYS_EMBED_SWIFT_STANDARD_LIBRARIES = YES;
				CODE_SIGN_STYLE = Automatic;
				CURRENT_PROJECT_VERSION = 1;
				GENERATE_INFOPLIST_FILE = YES;
				MARKETING_VERSION = 1.0;
				PRODUCT_BUNDLE_IDENTIFIER = com.plexustechnology.MultiplePermissionUITests;
				PRODUCT_NAME = "$(TARGET_NAME)";
				SWIFT_EMIT_LOC_STRINGS = NO;
				SWIFT_VERSION = 5.0;
				TARGETED_DEVICE_FAMILY = "1,2";
				TEST_TARGET_NAME = MultiplePermission;
			};
			name = Debug;
		};
		BD6D1EDC2C0155B700388894 /* Release */ = {
			isa = XCBuildConfiguration;
			buildSettings = {
				ALWAYS_EMBED_SWIFT_STANDARD_LIBRARIES = YES;
				CODE_SIGN_STYLE = Automatic;
				CURRENT_PROJECT_VERSION = 1;
				GENERATE_INFOPLIST_FILE = YES;
				MARKETING_VERSION = 1.0;
				PRODUCT_BUNDLE_IDENTIFIER = com.plexustechnology.MultiplePermissionUITests;
				PRODUCT_NAME = "$(TARGET_NAME)";
				SWIFT_EMIT_LOC_STRINGS = NO;
				SWIFT_VERSION = 5.0;
				TARGETED_DEVICE_FAMILY = "1,2";
				TEST_TARGET_NAME = MultiplePermission;
			};
			name = Release;
		};
/* End XCBuildConfiguration section */

/* Begin XCConfigurationList section */
		BD6D1EA52C0155B500388894 /* Build configuration list for PBXProject "MultiplePermission" */ = {
			isa = XCConfigurationList;
			buildConfigurations = (
				BD6D1ED22C0155B700388894 /* Debug */,
				BD6D1ED32C0155B700388894 /* Release */,
			);
			defaultConfigurationIsVisible = 0;
			defaultConfigurationName = Release;
		};
		BD6D1ED42C0155B700388894 /* Build configuration list for PBXNativeTarget "MultiplePermission" */ = {
			isa = XCConfigurationList;
			buildConfigurations = (
				BD6D1ED52C0155B700388894 /* Debug */,
				BD6D1ED62C0155B700388894 /* Release */,
			);
			defaultConfigurationIsVisible = 0;
			defaultConfigurationName = Release;
		};
		BD6D1ED72C0155B700388894 /* Build configuration list for PBXNativeTarget "MultiplePermissionTests" */ = {
			isa = XCConfigurationList;
			buildConfigurations = (
				BD6D1ED82C0155B700388894 /* Debug */,
				BD6D1ED92C0155B700388894 /* Release */,
			);
			defaultConfigurationIsVisible = 0;
			defaultConfigurationName = Release;
		};
		BD6D1EDA2C0155B700388894 /* Build configuration list for PBXNativeTarget "MultiplePermissionUITests" */ = {
			isa = XCConfigurationList;
			buildConfigurations = (
				BD6D1EDB2C0155B700388894 /* Debug */,
				BD6D1EDC2C0155B700388894 /* Release */,
			);
			defaultConfigurationIsVisible = 0;
			defaultConfigurationName = Release;
		};
/* End XCConfigurationList section */
	};
	rootObject = BD6D1EA22C0155B500388894 /* Project object */;
}
